
Microsoft Visual Studio Solution File, Format Version 12.00
# Visual Studio Version 17
VisualStudioVersion = 17.8.34316.72
MinimumVisualStudioVersion = 10.0.40219.1
Project("{9A19103F-16F7-4668-BE54-9A1E7A4F7556}") = "WorldCupScoreBoard", "ScoreBoard\WorldCupScoreBoard.csproj", "{908FD525-2122-411A-A2B1-8EAA115709A1}"
EndProject
Project("{9A19103F-16F7-4668-BE54-9A1E7A4F7556}") = "WorldCupScoreBoard.UnitTests", "ScoreBoardTests\WorldCupScoreBoard.UnitTests.csproj", "{32C986E0-2B8D-4372-B124-97A77103AE0F}"
EndProject
Global
	GlobalSection(SolutionConfigurationPlatforms) = preSolution
		Debug|Any CPU = Debug|Any CPU
		Release|Any CPU = Release|Any CPU
	EndGlobalSection
	GlobalSection(ProjectConfigurationPlatforms) = postSolution
		{908FD525-2122-411A-A2B1-8EAA115709A1}.Debug|Any CPU.ActiveCfg = Debug|Any CPU
		{908FD525-2122-411A-A2B1-8EAA115709A1}.Debug|Any CPU.Build.0 = Debug|Any CPU
		{908FD525-2122-411A-A2B1-8EAA115709A1}.Release|Any CPU.ActiveCfg = Release|Any CPU
		{908FD525-2122-411A-A2B1-8EAA115709A1}.Release|Any CPU.Build.0 = Release|Any CPU
		{32C986E0-2B8D-4372-B124-97A77103AE0F}.Debug|Any CPU.ActiveCfg = Debug|Any CPU
		{32C986E0-2B8D-4372-B124-97A77103AE0F}.Debug|Any CPU.Build.0 = Debug|Any CPU
		{32C986E0-2B8D-4372-B124-97A77103AE0F}.Release|Any CPU.ActiveCfg = Release|Any CPU
		{32C986E0-2B8D-4372-B124-97A77103AE0F}.Release|Any CPU.Build.0 = Release|Any CPU
	EndGlobalSection
	GlobalSection(SolutionProperties) = preSolution
		HideSolutionNode = FALSE
	EndGlobalSection
	GlobalSection(ExtensibilityGlobals) = postSolution
		SolutionGuid = {CE832F90-EFC0-4127-8441-A151D0F837C9}
	EndGlobalSection
EndGlobal
